
Microsoft Visual Studio Solution File, Format Version 12.00
# Visual Studio 15
VisualStudioVersion = 15.0.28307.645
MinimumVisualStudioVersion = 10.0.40219.1
Project("{FAE04EC0-301F-11D3-BF4B-00C04F79EFBC}") = "IbmAdmissions2019", "IbmAdmissions2019\IbmAdmissions2019.csproj", "{13248F5E-DC19-4543-BF7F-C2B9D02B0456}"
EndProject
Global
	GlobalSection(SolutionConfigurationPlatforms) = preSolution
		Debug|Any CPU = Debug|Any CPU
		Release|Any CPU = Release|Any CPU
	EndGlobalSection
	GlobalSection(ProjectConfigurationPlatforms) = postSolution
		{13248F5E-DC19-4543-BF7F-C2B9D02B0456}.Debug|Any CPU.ActiveCfg = Debug|Any CPU
		{13248F5E-DC19-4543-BF7F-C2B9D02B0456}.Debug|Any CPU.Build.0 = Debug|Any CPU
		{13248F5E-DC19-4543-BF7F-C2B9D02B0456}.Release|Any CPU.ActiveCfg = Release|Any CPU
		{13248F5E-DC19-4543-BF7F-C2B9D02B0456}.Release|Any CPU.Build.0 = Release|Any CPU
	EndGlobalSection
	GlobalSection(SolutionProperties) = preSolution
		HideSolutionNode = FALSE
	EndGlobalSection
	GlobalSection(ExtensibilityGlobals) = postSolution
		SolutionGuid = {C328BC2C-4BD4-4CE7-8DCA-6774EFC491DD}
	EndGlobalSection
EndGlobal
