
Microsoft Visual Studio Solution File, Format Version 12.00
# Visual Studio 15
VisualStudioVersion = 15.0.28307.645
MinimumVisualStudioVersion = 10.0.40219.1
Project("{FAE04EC0-301F-11D3-BF4B-00C04F79EFBC}") = "WebApplication2", "WebApplication2\WebApplication2.csproj", "{B1209991-ECA8-4F36-8E29-5283490FFEDC}"
EndProject
Global
	GlobalSection(SolutionConfigurationPlatforms) = preSolution
		Debug|Any CPU = Debug|Any CPU
		Release|Any CPU = Release|Any CPU
	EndGlobalSection
	GlobalSection(ProjectConfigurationPlatforms) = postSolution
		{B1209991-ECA8-4F36-8E29-5283490FFEDC}.Debug|Any CPU.ActiveCfg = Debug|Any CPU
		{B1209991-ECA8-4F36-8E29-5283490FFEDC}.Debug|Any CPU.Build.0 = Debug|Any CPU
		{B1209991-ECA8-4F36-8E29-5283490FFEDC}.Release|Any CPU.ActiveCfg = Release|Any CPU
		{B1209991-ECA8-4F36-8E29-5283490FFEDC}.Release|Any CPU.Build.0 = Release|Any CPU
	EndGlobalSection
	GlobalSection(SolutionProperties) = preSolution
		HideSolutionNode = FALSE
	EndGlobalSection
	GlobalSection(ExtensibilityGlobals) = postSolution
		SolutionGuid = {1AB2CB6A-97A5-4CEF-83FC-BF3A791337C6}
	EndGlobalSection
EndGlobal
